# THIS IS AN AUTOGENERATED FILE. DO NOT EDIT THIS FILE DIRECTLY.
assets/ajaxify.js.liquid:
  development: 2018-03-13T14:18:02-04:00   837ce58508828b8b93890900a3e0956c
assets/ajaxify.scss.liquid:
  development: 2018-03-13T14:18:02-04:00   96945a8f28ca7680f8c35be24c71dce3
assets/collection-view-grid.svg:
  development: 2018-03-13T14:18:03-04:00   965ba94db9659346c3ad4f0b1940e7c0
assets/collection-view-list.svg:
  development: 2018-03-13T14:18:03-04:00   948897972f846961c034cdf6f7f147c3
assets/gift-card.scss.liquid:
  development: 2018-03-13T14:18:03-04:00   350ef25b13f0ce593131f8aebc7fd3ea
assets/handlebars.min.js:
  development: 2018-03-13T14:18:03-04:00   b3c11508a224ee83f86e2fc6491e9751
assets/ico-select.svg.liquid:
  development: 2018-03-13T14:18:03-04:00   78d6ea6ac73f1074ee305a9bc1ba33df
assets/icons.eot:
  development: 2018-03-13T14:18:03-04:00   1b95a06ddd4b5e759a26c0d556c21d41
assets/icons.json:
  development: 2018-03-13T14:18:03-04:00   02e2058dfd87bdcb279d76310a153861
assets/icons.svg:
  development: 2018-03-13T14:18:03-04:00   0405061019d849f5ea3bac5419660052
assets/icons.ttf:
  development: 2018-03-13T14:18:03-04:00   e860fc5f3cdb8582a5f379f9b516fb82
assets/icons.woff:
  development: 2018-03-13T14:18:04-04:00   4dcbc5a077cd88e7499443edc50bd4e8
assets/jquery-2.2.3.min.js:
  development: 2018-03-13T14:18:04-04:00   33cabfa15c1060aaa3d207c653afb1ee
assets/jquery.zoom.min.js:
  development: 2018-03-13T14:18:04-04:00   a7afc7f7609167be2702ff195a5e7f09
assets/lazysizes.min.js:
  development: 2018-03-13T14:18:04-04:00   8a017cd822f4299a72a0872b07105cf9
assets/magnific-popup.min.js:
  development: 2018-03-13T14:18:04-04:00   f582b5a67f5dbfb2b25e0a1ea8cbb080
assets/modernizr.min.js:
  development: 2018-03-13T14:18:04-04:00   a5a0fbf9e2a0a42e6ac0042a2ecf1ac4
assets/password-page-background.jpg:
  development: 2018-03-13T14:18:04-04:00   4d5821272f875e5c11dd3a8c8e1d6133
assets/respond-proxy.html:
  development: 2018-03-13T14:18:05-04:00   75002d74a330bff6bf069284da503b4c
assets/respond.min.js:
  development: 2018-03-13T14:18:05-04:00   a2684e9b8fa50d6d11c56a9ada068528
assets/theme.js:
  development: 2018-03-13T14:18:05-04:00   d6d419cabfc2ab7ff386188b051b1c29
assets/timber.scss.liquid:
  development: 2018-05-29T15:20:52-04:00   3e7858c38f6ce0b0430c78d152efdc7e
config/settings_data.json:
  development: 2018-05-29T13:23:36-04:00   d8b79af4ef3e876a0bece59225e59e73
config/settings_schema.json:
  development: 2018-03-13T14:18:08-04:00   6b68afbd8af6920b824e6f313288cfeb
layout/password.liquid:
  development: 2018-03-13T14:18:05-04:00   319893bf81c1f02c2380d37b31cce86a
layout/theme.liquid:
  development: 2018-05-29T13:19:03-04:00   a084b5506a7bcf6cabdb74cf13854e06
locales/de.json:
  development: 2018-03-13T14:18:05-04:00   44cff3fe7c9bde57bf8ca268c8d31a75
locales/en.default.json:
  development: 2018-03-13T14:18:05-04:00   ab26e4336ef80bdf7689e694d409b53a
locales/es.json:
  development: 2018-03-13T14:18:05-04:00   a5de33aa2f5351a01d015b731172b747
locales/fr.json:
  development: 2018-03-13T14:18:05-04:00   d081d7277cdb5ccffb228215040f3fe7
locales/it.json:
  development: 2018-03-13T14:18:05-04:00   6e09eab861de1c8e8aa67101c69d0e8c
locales/ja.json:
  development: 2018-03-13T14:18:05-04:00   8e90021137849bb5f5dd9e9226671b35
locales/pt-BR.json:
  development: 2018-03-13T14:18:06-04:00   a0c5ef26d32eb544644a986f5dcab565
locales/pt-PT.json:
  development: 2018-03-13T14:18:06-04:00   ab4bc02456a9e1961ce894dc73c032ba
sections/announcement-bar.liquid:
  development: 2018-03-13T14:18:01-04:00   af0e6c9d5e667291f463a252ce8c3d82
sections/article-template.liquid:
  development: 2018-03-13T14:18:01-04:00   63830d0665a8250a3d331f0e712c4332
sections/collection-list.liquid:
  development: 2018-03-13T14:18:01-04:00   0d8ebd0cad29ce3e334520ca51b6e284
sections/collection-template.liquid:
  development: 2018-03-13T14:18:01-04:00   8e970661ddea21fbb3cb3a40eaf9a462
sections/custom-html.liquid:
  development: 2018-03-13T14:18:01-04:00   663620821db5acda4190943dbe6e9e0f
sections/featured-blog.liquid:
  development: 2018-03-13T14:18:01-04:00   adaacda904b7f75c2e2af890aac93c2b
sections/featured-collection.liquid:
  development: 2018-03-13T14:18:01-04:00   4ca36afe69ab2e8015e65cb73b6f3599
sections/featured-product.liquid:
  development: 2018-03-13T14:18:01-04:00   696f5c450c1d3a5b15f26ab59902ffde
sections/featured-row.liquid:
  development: 2018-03-13T14:18:01-04:00   6730a1ebd830b0c060acf922301b3ca6
sections/featured-video.liquid:
  development: 2018-03-13T14:18:01-04:00   8ddb946d6c9738f4c97eaf0321ab437f
sections/footer.liquid:
  development: 2018-05-14T19:41:53-04:00   0db1f52c81bd508ae3698fa185d02586
sections/header.liquid:
  development: 2018-03-13T14:18:01-04:00   1bae1c02d84a2362798846acf65f4315
sections/list-collections-template.liquid:
  development: 2018-03-13T14:18:01-04:00   d8d53b6adfde529b7a38a20c05cfa84a
sections/map.liquid:
  development: 2018-03-13T14:18:02-04:00   d7714fd1b60605fcaf3b6342d59c18ac
sections/newsletter.liquid:
  development: 2018-03-13T14:18:02-04:00   b3b1101cbaeff4b81da9ece711b76f56
sections/password-content.liquid:
  development: 2018-03-13T14:18:02-04:00   22f4bd7eceed6a18ddeff37ad5296556
sections/password-header.liquid:
  development: 2018-03-13T14:18:02-04:00   ade060929a4df9802e5a9a0d1125aa6f
sections/product-template.liquid:
  development: 2018-03-13T14:18:02-04:00   ec953150351e06e20e5284f5795d585f
sections/rich-text.liquid:
  development: 2018-05-29T15:08:28-04:00   cb70a2d033724b31c936b23fc5b99641
sections/slideshow.liquid:
  development: 2018-03-13T14:18:02-04:00   f0396e27e1f7be37094c254f6a25bf36
snippets/ajax-cart-template.liquid:
  development: 2018-03-13T14:18:06-04:00   8b2c77366344ad9ca4d3c8e3866c4f9f
snippets/bgset.liquid:
  development: 2018-03-13T14:18:06-04:00   85889bbc39b57621f32fad66317366fc
snippets/collection-list-item.liquid:
  development: 2018-03-13T14:18:06-04:00   e8cdec79ecd6e58b33865b082a57df72
snippets/collection-sorting.liquid:
  development: 2018-03-13T14:18:06-04:00   b97c850ae616c798f7fcf832a0117681
snippets/collection-tags.liquid:
  development: 2018-03-13T14:18:06-04:00   f342f670ba4f55401b23cb3288d39178
snippets/comment.liquid:
  development: 2018-03-13T14:18:06-04:00   d98e80203bc5bdc22e572601903672ac
snippets/featured-collection.liquid:
  development: 2018-03-13T14:18:06-04:00   c0c93f536e70b7028bf0317d80e6da4c
snippets/google-fonts.liquid:
  development: 2018-03-13T14:18:06-04:00   27251a1473b2ad0c092c4e38a49dacb5
snippets/image-style.liquid:
  development: 2018-03-13T14:18:06-04:00   8489b2e9fac5635c34f91cf7d4b28bd8
snippets/newsletter-form.liquid:
  development: 2018-05-27T20:59:36-04:00   686b05c8f96be9ed87eb1cf3795c56b0
snippets/oldIE-js.liquid:
  development: 2018-03-13T14:18:06-04:00   64752a451d7b91f3e002a6667c744028
snippets/onboarding-empty-collection.liquid:
  development: 2018-03-13T14:18:06-04:00   671ad7be05bb427d83962844c4b7a311
snippets/onboarding-featured-blog.liquid:
  development: 2018-03-13T14:18:06-04:00   ae0d31cfa875561378ef4315accf35ae
snippets/onboarding-featured-products.liquid:
  development: 2018-03-13T14:18:06-04:00   270fcb20fdbc8caa94992e6799127b90
snippets/pagination-custom.liquid:
  development: 2018-03-13T14:18:07-04:00   da8cf0a242194c3361ed14b98b04b1cf
snippets/product-grid-item.liquid:
  development: 2018-03-13T14:18:07-04:00   1d6eccb7ad749c04e21e5991f3e05ca1
snippets/related-products.liquid:
  development: 2018-03-13T14:18:07-04:00   54f32f1ee00e7018de63df1c5fbcc382
snippets/respond.liquid:
  development: 2018-03-13T14:18:07-04:00   296108cb94e6cb82d515ebb93308ef68
snippets/search-bar.liquid:
  development: 2018-03-13T14:18:07-04:00   d754034da9ce11f47b8f07bcb7d55417
snippets/search-result.liquid:
  development: 2018-03-13T14:18:07-04:00   622108ee9bad0d93cc4e90adacd48702
snippets/site-nav.liquid:
  development: 2018-03-13T14:18:07-04:00   8ee5b3a336dc7222810fa77e98bc3a6a
snippets/social-meta-tags.liquid:
  development: 2018-03-13T14:18:07-04:00   ae9e213401623b2601abf0ace8e21537
snippets/social-sharing.liquid:
  development: 2018-03-13T14:18:07-04:00   3569b1bbef6aa7b43f929f3418ff447b
snippets/svg-definitions.liquid:
  development: 2018-03-13T14:18:07-04:00   fe4fbc64d534e355fd8653de4ebac79a
snippets/tags-article.liquid:
  development: 2018-03-13T14:18:07-04:00   859f2cb223af74a60c8b02335759e55f
templates/404.liquid:
  development: 2018-03-13T14:18:07-04:00   a6f82094c5c96556b082fa70ca8fc2c6
templates/article.liquid:
  development: 2018-03-13T14:18:07-04:00   1630249ca4f206e32a678ab133b2d3b9
templates/blog.liquid:
  development: 2018-03-13T14:18:07-04:00   422516a6c6445f65751d5f435bcc407e
templates/cart.liquid:
  development: 2018-03-13T14:18:07-04:00   0f771fb6e47000f769612170c4a98863
templates/collection.liquid:
  development: 2018-03-13T14:18:07-04:00   3f577c5eaf7fab7e9688fd84e5d99db0
templates/customers/account.liquid:
  development: 2018-03-13T14:18:07-04:00   aee4605cb6a5543c95494479656877c4
templates/customers/activate_account.liquid:
  development: 2018-03-13T14:18:07-04:00   998175b8af85bba2ede8fca98dbfeb92
templates/customers/addresses.liquid:
  development: 2018-03-13T14:18:07-04:00   e6d387a5ba9b4d0f4bec0a22abafc5aa
templates/customers/login.liquid:
  development: 2018-03-13T14:18:07-04:00   cf35829657a41ee5a746f02723f16368
templates/customers/order.liquid:
  development: 2018-03-13T14:18:07-04:00   4bd2edb93271e9264492404d57d647c1
templates/customers/register.liquid:
  development: 2018-03-13T14:18:07-04:00   382e00e4e24440b7a5b08e16a02a7e1f
templates/customers/reset_password.liquid:
  development: 2018-03-13T14:18:07-04:00   9d07facc84e6a8e572eb44d4102ab60e
templates/gift_card.liquid:
  development: 2018-03-13T14:18:07-04:00   ddb506589a4612a8cf4222035c890d9a
templates/index.liquid:
  development: 2018-03-13T14:18:07-04:00   56b51b6f96394db4b17c64b43e1c0010
templates/list-collections.liquid:
  development: 2018-03-13T14:18:07-04:00   c9d1bc48da9511790dc476e2e74aebe2
templates/page.blank.liquid:
  development: 2018-05-27T20:13:10-04:00   ed438d2730082f070f57b263710be05b
templates/page.contact.liquid:
  development: 2018-03-13T14:18:07-04:00   3ecc9e8f215c46a0a2324b49382a5f7a
templates/page.liquid:
  development: 2018-03-13T14:18:07-04:00   b84ea26adf03da618e4d9142c4e7d43e
templates/password.liquid:
  development: 2018-03-13T14:18:07-04:00   27c20529a5fa11780bc067f4f5c7cc9d
templates/product.liquid:
  development: 2018-03-13T14:18:07-04:00   0333f9f54411b4b9b90936d11d7c167e
templates/search.liquid:
  development: 2018-03-13T14:18:08-04:00   b788bc454a7dfac09518e4a4d8866374
